{
  "nodes": {
    "flakeNimbleLib": {
      "inputs": {
        "nixpkgs": [
          "nixpkgs"
        ]
      },
      "locked": {
        "lastModified": 1662018438,
        "narHash": "sha256-QtNtU6+LX3Wokxf0zlFwKTFOcn6TeDjKQZ+DA9OYtvM=",
        "owner": "riinr",
        "repo": "nim-flakes-lib",
        "rev": "b1fe8340736e3a85d25c709ac3dfd82a55c03cbf",
        "type": "github"
      },
      "original": {
        "owner": "riinr",
        "ref": "master",
        "repo": "nim-flakes-lib",
        "type": "github"
      }
    },
    "nixpkgs": {
      "locked": {
        "lastModified": 1667110639,
        "narHash": "sha256-4FbPESZ5LbqQxkJJJBAfk/zKgF9h/4kyUwjjpJwYlbc=",
        "owner": "NixOS",
        "repo": "nixpkgs",
        "rev": "f38a1f04d1bec1feb61fd101a0539ae2002a7087",
        "type": "github"
      },
      "original": {
        "id": "nixpkgs",
        "type": "indirect"
      }
    },
    "root": {
      "inputs": {
        "flakeNimbleLib": "flakeNimbleLib",
        "nixpkgs": "nixpkgs",
        "uncomment-0_0_3": "uncomment-0_0_3",
        "uncomment-main": "uncomment-main"
      }
    },
    "src-uncomment-0_0_3": {
      "flake": false,
      "locked": {
        "lastModified": 1663677656,
        "narHash": "sha256-zEbBIM/ZGmjbwiqzlPxzR6D6iQGNx4H099hB6JiApw0=",
        "owner": "hamidb80",
        "repo": "uncomment",
        "rev": "6a40b1fd4ad5f8eadd2c6ab5b194e46c3e9e1f98",
        "type": "github"
      },
      "original": {
        "owner": "hamidb80",
        "ref": "refs/tags/0.0.3",
        "repo": "uncomment",
        "type": "github"
      }
    },
    "src-uncomment-main": {
      "flake": false,
      "locked": {
        "lastModified": 1634983068,
        "narHash": "sha256-1g9OxfHXRyc8wvwsnkZQwBfJg3KbllcgiBaEIKtE2NQ=",
        "owner": "hamidb80",
        "repo": "uncomment",
        "rev": "2c0dd1bc854b773756dcfb33aa1f1ceaa13f1f84",
        "type": "github"
      },
      "original": {
        "owner": "hamidb80",
        "ref": "refs/heads/main",
        "repo": "uncomment",
        "type": "github"
      }
    },
    "uncomment-0_0_3": {
      "inputs": {
        "flakeNimbleLib": [
          "flakeNimbleLib"
        ],
        "nixpkgs": [
          "nixpkgs"
        ],
        "src-uncomment-0_0_3": "src-uncomment-0_0_3"
      },
      "locked": {
        "dir": "0_0_3",
        "lastModified": 1665581720,
        "narHash": "sha256-XfyWQuawQC06n3BbOFQb2tEFBobJEOnvD6PvALVEORQ=",
        "owner": "nim-nix-pkgs",
        "repo": "uncomment",
        "rev": "0717aaa1650ee9878fc65b537a6fdd538082b895",
        "type": "github"
      },
      "original": {
        "dir": "0_0_3",
        "owner": "nim-nix-pkgs",
        "ref": "master",
        "repo": "uncomment",
        "type": "github"
      }
    },
    "uncomment-main": {
      "inputs": {
        "flakeNimbleLib": [
          "flakeNimbleLib"
        ],
        "nixpkgs": [
          "nixpkgs"
        ],
        "src-uncomment-main": "src-uncomment-main"
      },
      "locked": {
        "dir": "main",
        "lastModified": 1665581720,
        "narHash": "sha256-XfyWQuawQC06n3BbOFQb2tEFBobJEOnvD6PvALVEORQ=",
        "owner": "nim-nix-pkgs",
        "repo": "uncomment",
        "rev": "0717aaa1650ee9878fc65b537a6fdd538082b895",
        "type": "github"
      },
      "original": {
        "dir": "main",
        "owner": "nim-nix-pkgs",
        "ref": "master",
        "repo": "uncomment",
        "type": "github"
      }
    }
  },
  "root": "root",
  "version": 7
}
